
Microsoft Visual Studio Solution File, Format Version 12.00
# Visual Studio Version 16
VisualStudioVersion = 16.0.35325.158
MinimumVisualStudioVersion = 10.0.40219.1
Project("{FAE04EC0-301F-11D3-BF4B-00C04F79EFBC}") = "sistema_notas", "sistema_notas\sistema_notas.csproj", "{9FD5288C-7470-463A-B66D-59A31F3A4B7E}"
EndProject
Global
	GlobalSection(SolutionConfigurationPlatforms) = preSolution
		Debug|Any CPU = Debug|Any CPU
		Release|Any CPU = Release|Any CPU
	EndGlobalSection
	GlobalSection(ProjectConfigurationPlatforms) = postSolution
		{9FD5288C-7470-463A-B66D-59A31F3A4B7E}.Debug|Any CPU.ActiveCfg = Debug|Any CPU
		{9FD5288C-7470-463A-B66D-59A31F3A4B7E}.Debug|Any CPU.Build.0 = Debug|Any CPU
		{9FD5288C-7470-463A-B66D-59A31F3A4B7E}.Release|Any CPU.ActiveCfg = Release|Any CPU
		{9FD5288C-7470-463A-B66D-59A31F3A4B7E}.Release|Any CPU.Build.0 = Release|Any CPU
	EndGlobalSection
	GlobalSection(SolutionProperties) = preSolution
		HideSolutionNode = FALSE
	EndGlobalSection
	GlobalSection(ExtensibilityGlobals) = postSolution
		SolutionGuid = {392E85E0-DA28-47CD-9992-2C48BBDE8C19}
	EndGlobalSection
EndGlobal
